lockfileVersion: '9.0'

settings:
  autoInstallPeers: true
  excludeLinksFromLockfile: false

importers:

  .: {}

  packages/core:
    dependencies:
      magic-string:
        specifier: ^0.30.21
        version: 0.30.21
      oxc-parser:
        specifier: ^0.134.0
        version: 0.134.0
      oxc-walker:
        specifier: ^1.0.0
        version: 1.0.0(oxc-parser@0.134.0)

  packages/unplugin: {}

packages:

  '@emnapi/core@1.10.0':
    resolution: {integrity: sha512-yq6OkJ4p82CAfPl0u9mQebQHKPJkY7WrIuk205cTYnYe+k2Z8YBh11FrbRG/H6ihirqcacOgl2BIO8oyMQLeXw==}

  '@emnapi/runtime@1.10.0':
    resolution: {integrity: sha512-ewvYlk86xUoGI0zQRNq/mC+16R1QeDlKQy21Ki3oSYXNgLb45GV1P6A0M+/s6nyCuNDqe5VpaY84BzXGwVbwFA==}

  '@emnapi/wasi-threads@1.2.1':
    resolution: {integrity: sha512-uTII7OYF+/Mes/MrcIOYp5yOtSMLBWSIoLPpcgwipoiKbli6k322tcoFsxoIIxPDqW01SQGAgko4EzZi2BNv2w==}

  '@jridgewell/gen-mapping@0.3.13':
    resolution: {integrity: sha512-2kkt/7niJ6MgEPxF0bYdQ6etZaA+fQvDcLKckhy1yIQOzaoKjBBjSj63/aLVjYE3qhRt5dvM+uUyfCg6UKCBbA==}

  '@jridgewell/remapping@2.3.5':
    resolution: {integrity: sha512-LI9u/+laYG4Ds1TDKSJW2YPrIlcVYOwi2fUC6xB43lueCjgxV4lffOCZCtYFiH6TNOX+tQKXx97T4IKHbhyHEQ==}

  '@jridgewell/resolve-uri@3.1.2':
    resolution: {integrity: sha512-bRISgCIjP20/tbWSPWMEi54QVPRZExkuD9lJL+UIxUKtwVJA8wW1Trb1jMs1RFXo1CBTNZ/5hpC9QvmKWdopKw==}
    engines: {node: '>=6.0.0'}

  '@jridgewell/sourcemap-codec@1.5.5':
    resolution: {integrity: sha512-cYQ9310grqxueWbl+WuIUIaiUaDcj7WOq5fVhEljNVgRfOUhY9fy2zTvfoqWsnebh8Sl70VScFbICvJnLKB0Og==}

  '@jridgewell/trace-mapping@0.3.31':
    resolution: {integrity: sha512-zzNR+SdQSDJzc8joaeP8QQoCQr8NuYx2dIIytl1QeBEZHJ9uW6hebsrYgbz8hJwUQao3TWCMtmfV8Nu1twOLAw==}

  '@napi-rs/wasm-runtime@1.1.4':
    resolution: {integrity: sha512-3NQNNgA1YSlJb/kMH1ildASP9HW7/7kYnRI2szWJaofaS1hWmbGI4H+d3+22aGzXXN9IJ+n+GiFVcGipJP18ow==}
    peerDependencies:
      '@emnapi/core': ^1.7.1
      '@emnapi/runtime': ^1.7.1

  '@oxc-parser/binding-android-arm-eabi@0.134.0':
    resolution: {integrity: sha512-N9Us7l/X9ZC3LA6eWSzPyduvBPXV1eRyDPwM6/UWpxwwXGsatb8131+d2L8UsmyHrixnKLHBd6UeH8wangV7fw==}
    engines: {node: ^20.19.0 || >=22.12.0}
    cpu: [arm]
    os: [android]

  '@oxc-parser/binding-android-arm64@0.134.0':
    resolution: {integrity: sha512-Ic2oPZESeCaD4+9cKRqp1GMYsTO9Q3Yi9HdY2x9x75ozbnC20sybFHzeBklmaVD9PBzd8KbkmNN0gy+SVlm7zw==}
    engines: {node: ^20.19.0 || >=22.12.0}
    cpu: [arm64]
    os: [android]

  '@oxc-parser/binding-darwin-arm64@0.134.0':
    resolution: {integrity: sha512-1z9+nVJ1Awq4CPyHAthx5zOUrg5T1zc3dWt6juxwDcuejFGbdYzWJITkS1rv4DCdSTphDU3IW71MzyLV3BjRGQ==}
    engines: {node: ^20.19.0 || >=22.12.0}
    cpu: [arm64]
    os: [darwin]

  '@oxc-parser/binding-darwin-x64@0.134.0':
    resolution: {integrity: sha512-MpofofaRZnxmYrY3lE8RTLHmE1KkX2q0elEeJ8sMcLbS8At76BjYSL6axssqhx29prGGDzIZ5lYFD+IXqaTzFA==}
    engines: {node: ^20.19.0 || >=22.12.0}
    cpu: [x64]
    os: [darwin]

  '@oxc-parser/binding-freebsd-x64@0.134.0':
    resolution: {integrity: sha512-OqnPQY27vqWAbMnHfLcF8CVOUv2cCvdlTiqyK5qz5WCbH3XOLpYVQATv8S5UrR8bbEJCAqJLsI7W6cRFXAxCoA==}
    engines: {node: ^20.19.0 || >=22.12.0}
    cpu: [x64]
    os: [freebsd]

  '@oxc-parser/binding-linux-arm-gnueabihf@0.134.0':
    resolution: {integrity: sha512-0eqWl+PWrcwGC3b8DCB58w3QINAuZfpX2ULTGpI01GUMBc6zDKSpttWxvqPIydxuQEkGQTQRAXLLvc+vTDZbQw==}
    engines: {node: ^20.19.0 || >=22.12.0}
    cpu: [arm]
    os: [linux]

  '@oxc-parser/binding-linux-arm-musleabihf@0.134.0':
    resolution: {integrity: sha512-YToasuDmyzpyTC1ztrvkaSXz8tP+YUbx041M/4SGxaRGiyMzsKkQ869KPUTGA57A6aVsb1/DiPX8XZQQeSFkiw==}
    engines: {node: ^20.19.0 || >=22.12.0}
    cpu: [arm]
    os: [linux]

  '@oxc-parser/binding-linux-arm64-gnu@0.134.0':
    resolution: {integrity: sha512-qMS7NLc2o8G7LLz53wisol+O7/YbMhtaGVhlfsTVLnrraf9kLFgzpiGjtQALLbdxX8uhx0Zmd4l+vY3s1/K4Gg==}
    engines: {node: ^20.19.0 || >=22.12.0}
    cpu: [arm64]
    os: [linux]
    libc: [glibc]

  '@oxc-parser/binding-linux-arm64-musl@0.134.0':
    resolution: {integrity: sha512-jUEsnxPXhrCYxswQLYvUOxZEE5UWFMkK5kBnrcPMj7TONz1pD0yKgPmOQCAx2LPoysJ/v2Sjg4RBUVoO2VXoZQ==}
    engines: {node: ^20.19.0 || >=22.12.0}
    cpu: [arm64]
    os: [linux]
    libc: [musl]

  '@oxc-parser/binding-linux-ppc64-gnu@0.134.0':
    resolution: {integrity: sha512-FU5xMUsXnMuWKVCGo43c6SJsnqHcsioqm32PHdDY39cIRJa/AZbo7RMYW0W5gYcNZqb8EMhELkMDwbJOFbUhtg==}
    engines: {node: ^20.19.0 || >=22.12.0}
    cpu: [ppc64]
    os: [linux]
    libc: [glibc]

  '@oxc-parser/binding-linux-riscv64-gnu@0.134.0':
    resolution: {integrity: sha512-tPc7OAhslHVmNebho1RSEGL//7i7Nm39gbQ+gYreBYwzvDVqNwdQH3S13ccM+R1TpimQ+3bIyFMfnilJIGRtjQ==}
    engines: {node: ^20.19.0 || >=22.12.0}
    cpu: [riscv64]
    os: [linux]
    libc: [glibc]

  '@oxc-parser/binding-linux-riscv64-musl@0.134.0':
    resolution: {integrity: sha512-TtWEC4MUAHodX5a5kGsmK8g5K49V5ewWfwGrXdbw+gXWLXWXuhi+ectNELmOvYIwaqPSTAry1HNS/hfXssaPHQ==}
    engines: {node: ^20.19.0 || >=22.12.0}
    cpu: [riscv64]
    os: [linux]
    libc: [musl]

  '@oxc-parser/binding-linux-s390x-gnu@0.134.0':
    resolution: {integrity: sha512-mF4uls8TA8SPXSDLpclJ6z9S+vaeUnNp95iUEfqwv9oVJUAE7B2j4crOj8UvByRXpbO5N+aAlJadQEyFlnXU6g==}
    engines: {node: ^20.19.0 || >=22.12.0}
    cpu: [s390x]
    os: [linux]
    libc: [glibc]

  '@oxc-parser/binding-linux-x64-gnu@0.134.0':
    resolution: {integrity: sha512-hieAQplyJeCvzqdSAxpOOGvVCBVXo/ioIBxioHfsUrQu93Et7Hy52cCG/GHEnjImVyeqEIViyyjuB0nKghxz/w==}
    engines: {node: ^20.19.0 || >=22.12.0}
    cpu: [x64]
    os: [linux]
    libc: [glibc]

  '@oxc-parser/binding-linux-x64-musl@0.134.0':
    resolution: {integrity: sha512-OQnJAK4sFuNSLgsh2s/K+14a3kwbmqf2yh1JiADU9XSfDuRooZYbAxmmBVPiyQ97+jBIIA1x2oPZeYNto3Ioow==}
    engines: {node: ^20.19.0 || >=22.12.0}
    cpu: [x64]
    os: [linux]
    libc: [musl]

  '@oxc-parser/binding-openharmony-arm64@0.134.0':
    resolution: {integrity: sha512-RYLooe6g31q/PqNFN0NjR80IK/ARGsfLasAXL42LXonL+5Cyy9Or76rjBKQLAjERikJwbRU/sYW9Q5Tnpt1A4Q==}
    engines: {node: ^20.19.0 || >=22.12.0}
    cpu: [arm64]
    os: [openharmony]

  '@oxc-parser/binding-wasm32-wasi@0.134.0':
    resolution: {integrity: sha512-h8bmHyvc0PxA811prUjfVpJlQAurOOiRbohY4QNGjCEz+L72G9CmWl28OOz3mevrYlURgUsprNuH8hDJXh1VOw==}
    engines: {node: ^20.19.0 || >=22.12.0}
    cpu: [wasm32]

  '@oxc-parser/binding-win32-arm64-msvc@0.134.0':
    resolution: {integrity: sha512-EPTfanpBMLNnSAWCDYpbJp1stmsf5x6hMsAwymf2J8ylRupIvO6FtKmHBMdc/wt43y08iz6ILlzFGIXe32/Kbw==}
    engines: {node: ^20.19.0 || >=22.12.0}
    cpu: [arm64]
    os: [win32]

  '@oxc-parser/binding-win32-ia32-msvc@0.134.0':
    resolution: {integrity: sha512-yAwetF+fTr9lTMtmqvkkWiiMXvH/yjMxGzUDG2rTL/LV1lL37eZ2enUGIlIo0gwhBIKWgabDEidtil+kiqNpgQ==}
    engines: {node: ^20.19.0 || >=22.12.0}
    cpu: [ia32]
    os: [win32]

  '@oxc-parser/binding-win32-x64-msvc@0.134.0':
    resolution: {integrity: sha512-4VY39G5tuGlBYiH13XbWqfLcwKygQEv0iyf8vtZ5NyLAGjI8M0MiYyLhj91GkWRznr+5VC0I+5R55HUDV/Rklw==}
    engines: {node: ^20.19.0 || >=22.12.0}
    cpu: [x64]
    os: [win32]

  '@oxc-project/types@0.134.0':
    resolution: {integrity: sha512-T0xuRRKrQFmocH8y+jGfpmSkGcheaJExY9lEihmR1Gm2aH+75B8CzgU2rABRQSzzDxLjZ15Sc0bRVLj5lVeNXQ==}

  '@tybys/wasm-util@0.10.2':
    resolution: {integrity: sha512-RoBvJ2X0wuKlWFIjrwffGw1IqZHKQqzIchKaadZZfnNpsAYp2mM0h36JtPCjNDAHGgYez/15uMBpfGwchhiMgg==}

  magic-regexp@0.11.0:
    resolution: {integrity: sha512-LG77Z/gVnwz7oaDpD4heX6ryl+lcr4l1B2gnP4MMvt2pGhGC1Dfj7dl1pXpP4ih+VQFLuAadeKVa+lARAzfW+Q==}

  magic-string@0.30.21:
    resolution: {integrity: sha512-vd2F4YUyEXKGcLHoq+TEyCjxueSeHnFxyyjNp80yg0XV4vUhnDer/lvvlqM/arB5bXQN5K2/3oinyCRyx8T2CQ==}

  oxc-parser@0.134.0:
    resolution: {integrity: sha512-Hs8fRG6A94BzMrMkGOtrUS7JQjmslfF+IvIXslf3QURzK3ud0QmFJRiYZjTe4TzAQnTfvlk4AwZnqIbrUjiE4w==}
    engines: {node: ^20.19.0 || >=22.12.0}

  oxc-walker@1.0.0:
    resolution: {integrity: sha512-eMsHflAGfOskpWxtp9xP/f5b96XLEU8ifTd2gOOCkdux9HMxKGy5S1ru0Gh1B3aPu+YbfmWUUVkcb7MrZz3XyQ==}
    peerDependencies:
      oxc-parser: '>=0.98.0'
      rolldown: '>=1.0.0'
    peerDependenciesMeta:
      oxc-parser:
        optional: true
      rolldown:
        optional: true

  picomatch@4.0.4:
    resolution: {integrity: sha512-QP88BAKvMam/3NxH6vj2o21R6MjxZUAd6nlwAS/pnGvN9IVLocLHxGYIzFhg6fUQ+5th6P4dv4eW9jX3DSIj7A==}
    engines: {node: '>=12'}

  regexp-tree@0.1.27:
    resolution: {integrity: sha512-iETxpjK6YoRWJG5o6hXLwvjYAoW+FEZn9os0PD/b6AP6xQwsa/Y7lCVgIixBbUPMfhu+i2LtdeAqVTgGlQarfA==}
    hasBin: true

  tslib@2.8.1:
    resolution: {integrity: sha512-oJFu94HQb+KVduSUQL7wnpmqnfmLsOA/nAh6b6EH0wCEoK0/mPeXU6c3wKDV83MkOuHPRHtSXKKU99IBazS/2w==}

  type-level-regexp@0.1.17:
    resolution: {integrity: sha512-wTk4DH3cxwk196uGLK/E9pE45aLfeKJacKmcEgEOA/q5dnPGNxXt0cfYdFxb57L+sEpf1oJH4Dnx/pnRcku9jg==}

  unplugin@3.0.0:
    resolution: {integrity: sha512-0Mqk3AT2TZCXWKdcoaufeXNukv2mTrEZExeXlHIOZXdqYoHHr4n51pymnwV8x2BOVxwXbK2HLlI7usrqMpycdg==}
    engines: {node: ^20.19.0 || >=22.12.0}

  webpack-virtual-modules@0.6.2:
    resolution: {integrity: sha512-66/V2i5hQanC51vBQKPH4aI8NMAcBW59FVBs+rC7eGHupMyfn34q7rZIE+ETlJ+XTevqfUhVVBgSUNSW2flEUQ==}

snapshots:

  '@emnapi/core@1.10.0':
    dependencies:
      '@emnapi/wasi-threads': 1.2.1
      tslib: 2.8.1
    optional: true

  '@emnapi/runtime@1.10.0':
    dependencies:
      tslib: 2.8.1
    optional: true

  '@emnapi/wasi-threads@1.2.1':
    dependencies:
      tslib: 2.8.1
    optional: true

  '@jridgewell/gen-mapping@0.3.13':
    dependencies:
      '@jridgewell/sourcemap-codec': 1.5.5
      '@jridgewell/trace-mapping': 0.3.31

  '@jridgewell/remapping@2.3.5':
    dependencies:
      '@jridgewell/gen-mapping': 0.3.13
      '@jridgewell/trace-mapping': 0.3.31

  '@jridgewell/resolve-uri@3.1.2': {}

  '@jridgewell/sourcemap-codec@1.5.5': {}

  '@jridgewell/trace-mapping@0.3.31':
    dependencies:
      '@jridgewell/resolve-uri': 3.1.2
      '@jridgewell/sourcemap-codec': 1.5.5

  '@napi-rs/wasm-runtime@1.1.4(@emnapi/core@1.10.0)(@emnapi/runtime@1.10.0)':
    dependencies:
      '@emnapi/core': 1.10.0
      '@emnapi/runtime': 1.10.0
      '@tybys/wasm-util': 0.10.2
    optional: true

  '@oxc-parser/binding-android-arm-eabi@0.134.0':
    optional: true

  '@oxc-parser/binding-android-arm64@0.134.0':
    optional: true

  '@oxc-parser/binding-darwin-arm64@0.134.0':
    optional: true

  '@oxc-parser/binding-darwin-x64@0.134.0':
    optional: true

  '@oxc-parser/binding-freebsd-x64@0.134.0':
    optional: true

  '@oxc-parser/binding-linux-arm-gnueabihf@0.134.0':
    optional: true

  '@oxc-parser/binding-linux-arm-musleabihf@0.134.0':
    optional: true

  '@oxc-parser/binding-linux-arm64-gnu@0.134.0':
    optional: true

  '@oxc-parser/binding-linux-arm64-musl@0.134.0':
    optional: true

  '@oxc-parser/binding-linux-ppc64-gnu@0.134.0':
    optional: true

  '@oxc-parser/binding-linux-riscv64-gnu@0.134.0':
    optional: true

  '@oxc-parser/binding-linux-riscv64-musl@0.134.0':
    optional: true

  '@oxc-parser/binding-linux-s390x-gnu@0.134.0':
    optional: true

  '@oxc-parser/binding-linux-x64-gnu@0.134.0':
    optional: true

  '@oxc-parser/binding-linux-x64-musl@0.134.0':
    optional: true

  '@oxc-parser/binding-openharmony-arm64@0.134.0':
    optional: true

  '@oxc-parser/binding-wasm32-wasi@0.134.0':
    dependencies:
      '@emnapi/core': 1.10.0
      '@emnapi/runtime': 1.10.0
      '@napi-rs/wasm-runtime': 1.1.4(@emnapi/core@1.10.0)(@emnapi/runtime@1.10.0)
    optional: true

  '@oxc-parser/binding-win32-arm64-msvc@0.134.0':
    optional: true

  '@oxc-parser/binding-win32-ia32-msvc@0.134.0':
    optional: true

  '@oxc-parser/binding-win32-x64-msvc@0.134.0':
    optional: true

  '@oxc-project/types@0.134.0': {}

  '@tybys/wasm-util@0.10.2':
    dependencies:
      tslib: 2.8.1
    optional: true

  magic-regexp@0.11.0:
    dependencies:
      magic-string: 0.30.21
      regexp-tree: 0.1.27
      type-level-regexp: 0.1.17
      unplugin: 3.0.0

  magic-string@0.30.21:
    dependencies:
      '@jridgewell/sourcemap-codec': 1.5.5

  oxc-parser@0.134.0:
    dependencies:
      '@oxc-project/types': 0.134.0
    optionalDependencies:
      '@oxc-parser/binding-android-arm-eabi': 0.134.0
      '@oxc-parser/binding-android-arm64': 0.134.0
      '@oxc-parser/binding-darwin-arm64': 0.134.0
      '@oxc-parser/binding-darwin-x64': 0.134.0
      '@oxc-parser/binding-freebsd-x64': 0.134.0
      '@oxc-parser/binding-linux-arm-gnueabihf': 0.134.0
      '@oxc-parser/binding-linux-arm-musleabihf': 0.134.0
      '@oxc-parser/binding-linux-arm64-gnu': 0.134.0
      '@oxc-parser/binding-linux-arm64-musl': 0.134.0
      '@oxc-parser/binding-linux-ppc64-gnu': 0.134.0
      '@oxc-parser/binding-linux-riscv64-gnu': 0.134.0
      '@oxc-parser/binding-linux-riscv64-musl': 0.134.0
      '@oxc-parser/binding-linux-s390x-gnu': 0.134.0
      '@oxc-parser/binding-linux-x64-gnu': 0.134.0
      '@oxc-parser/binding-linux-x64-musl': 0.134.0
      '@oxc-parser/binding-openharmony-arm64': 0.134.0
      '@oxc-parser/binding-wasm32-wasi': 0.134.0
      '@oxc-parser/binding-win32-arm64-msvc': 0.134.0
      '@oxc-parser/binding-win32-ia32-msvc': 0.134.0
      '@oxc-parser/binding-win32-x64-msvc': 0.134.0

  oxc-walker@1.0.0(oxc-parser@0.134.0):
    dependencies:
      magic-regexp: 0.11.0
    optionalDependencies:
      oxc-parser: 0.134.0

  picomatch@4.0.4: {}

  regexp-tree@0.1.27: {}

  tslib@2.8.1:
    optional: true

  type-level-regexp@0.1.17: {}

  unplugin@3.0.0:
    dependencies:
      '@jridgewell/remapping': 2.3.5
      picomatch: 4.0.4
      webpack-virtual-modules: 0.6.2

  webpack-virtual-modules@0.6.2: {}
